Microsoft Visual Studio Solution File, Format Version 12.00
# Visual Studio Version 17
VisualStudioVersion = 17.5.2.0
MinimumVisualStudioVersion = 10.0.40219.1
Project("{FAE04EC0-301F-11D3-BF4B-00C04F79EFBC}") = "MyAspNetCoreApp", "grandprix-login-server\MyAspNetCoreApp.csproj", "{4928E861-715C-961B-9089-AE194C88C28A}"
EndProject
Global
	GlobalSection(SolutionConfigurationPlatforms) = preSolution
		Debug|Any CPU = Debug|Any CPU
		Release|Any CPU = Release|Any CPU
	EndGlobalSection
	GlobalSection(ProjectConfigurationPlatforms) = postSolution
		{4928E861-715C-961B-9089-AE194C88C28A}.Debug|Any CPU.ActiveCfg = Debug|Any CPU
		{4928E861-715C-961B-9089-AE194C88C28A}.Debug|Any CPU.Build.0 = Debug|Any CPU
		{4928E861-715C-961B-9089-AE194C88C28A}.Release|Any CPU.ActiveCfg = Release|Any CPU
		{4928E861-715C-961B-9089-AE194C88C28A}.Release|Any CPU.Build.0 = Release|Any CPU
	EndGlobalSection
	GlobalSection(SolutionProperties) = preSolution
		HideSolutionNode = FALSE
	EndGlobalSection
	GlobalSection(ExtensibilityGlobals) = postSolution
		SolutionGuid = {73D92A70-16BE-464B-95E5-43FDE25DA324}
	EndGlobalSection
EndGlobal
